
Microsoft Visual Studio Solution File, Format Version 12.00
# Visual Studio Version 16
VisualStudioVersion = 16.0.31729.503
MinimumVisualStudioVersion = 10.0.40219.1
Project("{9A19103F-16F7-4668-BE54-9A1E7A4F7556}") = "DictionnaireProject.Api", "DictionnaireProject.Api\DictionnaireProject.Api.csproj", "{94A66477-2507-426C-ACBA-256AB6933346}"
EndProject
Project("{FAE04EC0-301F-11D3-BF4B-00C04F79EFBC}") = "DictionnaireProject.Core", "DictionnaireProject.Core\DictionnaireProject.Core.csproj", "{1E1625F6-7D37-4868-B68E-DD7CC47383E8}"
EndProject
Project("{FAE04EC0-301F-11D3-BF4B-00C04F79EFBC}") = "DictionnaireProject.DataAccess", "DictionnaireProject.DataAccess\DictionnaireProject.DataAccess.csproj", "{1C7AFD64-5D04-45DA-AEF9-DCADCD513636}"
EndProject
Project("{FAE04EC0-301F-11D3-BF4B-00C04F79EFBC}") = "DictionnaireProject.Api.UnitTest", "DictionnaireProject.Api.UnitTest\DictionnaireProject.Api.UnitTest.csproj", "{00F43EB3-A0E0-4CDD-AEAA-768A57895055}"
EndProject
Global
	GlobalSection(SolutionConfigurationPlatforms) = preSolution
		Debug|Any CPU = Debug|Any CPU
		Release|Any CPU = Release|Any CPU
	EndGlobalSection
	GlobalSection(ProjectConfigurationPlatforms) = postSolution
		{94A66477-2507-426C-ACBA-256AB6933346}.Debug|Any CPU.ActiveCfg = Debug|Any CPU
		{94A66477-2507-426C-ACBA-256AB6933346}.Debug|Any CPU.Build.0 = Debug|Any CPU
		{94A66477-2507-426C-ACBA-256AB6933346}.Release|Any CPU.ActiveCfg = Release|Any CPU
		{94A66477-2507-426C-ACBA-256AB6933346}.Release|Any CPU.Build.0 = Release|Any CPU
		{1E1625F6-7D37-4868-B68E-DD7CC47383E8}.Debug|Any CPU.ActiveCfg = Debug|Any CPU
		{1E1625F6-7D37-4868-B68E-DD7CC47383E8}.Debug|Any CPU.Build.0 = Debug|Any CPU
		{1E1625F6-7D37-4868-B68E-DD7CC47383E8}.Release|Any CPU.ActiveCfg = Release|Any CPU
		{1E1625F6-7D37-4868-B68E-DD7CC47383E8}.Release|Any CPU.Build.0 = Release|Any CPU
		{1C7AFD64-5D04-45DA-AEF9-DCADCD513636}.Debug|Any CPU.ActiveCfg = Debug|Any CPU
		{1C7AFD64-5D04-45DA-AEF9-DCADCD513636}.Debug|Any CPU.Build.0 = Debug|Any CPU
		{1C7AFD64-5D04-45DA-AEF9-DCADCD513636}.Release|Any CPU.ActiveCfg = Release|Any CPU
		{1C7AFD64-5D04-45DA-AEF9-DCADCD513636}.Release|Any CPU.Build.0 = Release|Any CPU
		{00F43EB3-A0E0-4CDD-AEAA-768A57895055}.Debug|Any CPU.ActiveCfg = Debug|Any CPU
		{00F43EB3-A0E0-4CDD-AEAA-768A57895055}.Debug|Any CPU.Build.0 = Debug|Any CPU
		{00F43EB3-A0E0-4CDD-AEAA-768A57895055}.Release|Any CPU.ActiveCfg = Release|Any CPU
		{00F43EB3-A0E0-4CDD-AEAA-768A57895055}.Release|Any CPU.Build.0 = Release|Any CPU
	EndGlobalSection
	GlobalSection(SolutionProperties) = preSolution
		HideSolutionNode = FALSE
	EndGlobalSection
	GlobalSection(ExtensibilityGlobals) = postSolution
		SolutionGuid = {F531F00B-9693-4C73-B61B-54B5ABB767E3}
	EndGlobalSection
EndGlobal
